// !$*UTF8*$!
{
	archiveVersion = 1;
	classes = {
	};
	objectVersion = 50;
	objects = {

/* Begin PBXBuildFile section */
		FEAF97AF25C37144008D41AA /* AppDelegate.swift in Sources */ = {isa = PBXBuildFile; fileRef = FEAF97AE25C37144008D41AA /* AppDelegate.swift */; };
		FEAF97B125C37144008D41AA /* SceneDelegate.swift in Sources */ = {isa = PBXBuildFile; fileRef = FEAF97B025C37144008D41AA /* SceneDelegate.swift */; };
		FEAF97B325C37144008D41AA /* HomeViewController.swift in Sources */ = {isa = PBXBuildFile; fileRef = FEAF97B225C37144008D41AA /* HomeViewController.swift */; };
		FEAF97B625C37144008D41AA /* Main.storyboard in Resources */ = {isa = PBXBuildFile; fileRef = FEAF97B425C37144008D41AA /* Main.storyboard */; };
		FEAF97B825C37146008D41AA /* Assets.xcassets in Resources */ = {isa = PBXBuildFile; fileRef = FEAF97B725C37146008D41AA /* Assets.xcassets */; };
		FEAF97BB25C37146008D41AA /* LaunchScreen.storyboard in Resources */ = {isa = PBXBuildFile; fileRef = FEAF97B925C37146008D41AA /* LaunchScreen.storyboard */; };
/* End PBXBuildFile section */

/* Begin PBXFileReference section */
		FEAF97AB25C37144008D41AA /* PDFNFCOhMy.app */ = {isa = PBXFileReference; explicitFileType = wrapper.application; includeInIndex = 0; path = PDFNFCOhMy.app; sourceTree = BUILT_PRODUCTS_DIR; };
		FEAF97AE25C37144008D41AA /* AppDelegate.swift */ = {isa = PBXFileReference; lastKnownFileType = sourcecode.swift; path = AppDelegate.swift; sourceTree = "<group>"; };
		FEAF97B025C37144008D41AA /* SceneDelegate.swift */ = {isa = PBXFileReference; lastKnownFileType = sourcecode.swift; path = SceneDelegate.swift; sourceTree = "<group>"; };
		FEAF97B225C37144008D41AA /* HomeViewController.swift */ = {isa = PBXFileReference; lastKnownFileType = sourcecode.swift; path = HomeViewController.swift; sourceTree = "<group>"; };
		FEAF97B525C37144008D41AA /* Base */ = {isa = PBXFileReference; lastKnownFileType = file.storyboard; name = Base; path = Base.lproj/Main.storyboard; sourceTree = "<group>"; };
		FEAF97B725C37146008D41AA /* Assets.xcassets */ = {isa = PBXFileReference; lastKnownFileType = folder.assetcatalog; path = Assets.xcassets; sourceTree = "<group>"; };
		FEAF97BA25C37146008D41AA /* Base */ = {isa = PBXFileReference; lastKnownFileType = file.storyboard; name = Base; path = Base.lproj/LaunchScreen.storyboard; sourceTree = "<group>"; };
		FEAF97BC25C37146008D41AA /* Info.plist */ = {isa = PBXFileReference; lastKnownFileType = text.plist.xml; path = Info.plist; sourceTree = "<group>"; };
/* End PBXFileReference section */

/* Begin PBXFrameworksBuildPhase section */
		FEAF97A825C37144008D41AA /* Frameworks */ = {
			isa = PBXFrameworksBuildPhase;
			buildActionMask = 2147483647;
			files = (
			);
			runOnlyForDeploymentPostprocessing = 0;
		};
/* End PBXFrameworksBuildPhase section */

/* Begin PBXGroup section */
		FEAF97A225C37144008D41AA = {
			isa = PBXGroup;
			children = (
				FEAF97AD25C37144008D41AA /* PDFNFCOhMy */,
				FEAF97AC25C37144008D41AA /* Products */,
			);
			sourceTree = "<group>";
		};
		FEAF97AC25C37144008D41AA /* Products */ = {
			isa = PBXGroup;
			children = (
				FEAF97AB25C37144008D41AA /* PDFNFCOhMy.app */,
			);
			name = Products;
			sourceTree = "<group>";
		};
		FEAF97AD25C37144008D41AA /* PDFNFCOhMy */ = {
			isa = PBXGroup;
			children = (
				FEAF97AE25C37144008D41AA /* AppDelegate.swift */,
				FEAF97B025C37144008D41AA /* SceneDelegate.swift */,
				FEAF97C425C37285008D41AA /* Screens */,
				FEAF97C325C37278008D41AA /* Storyboard */,
				FEAF97B725C37146008D41AA /* Assets.xcassets */,
				FEAF97BC25C37146008D41AA /* Info.plist */,
			);
			path = PDFNFCOhMy;
			sourceTree = "<group>";
		};
		FEAF97C325C37278008D41AA /* Storyboard */ = {
			isa = PBXGroup;
			children = (
				FEAF97B425C37144008D41AA /* Main.storyboard */,
				FEAF97B925C37146008D41AA /* LaunchScreen.storyboard */,
			);
			path = Storyboard;
			sourceTree = "<group>";
		};
		FEAF97C425C37285008D41AA /* Screens */ = {
			isa = PBXGroup;
			children = (
				FEAF97B225C37144008D41AA /* HomeViewController.swift */,
			);
			path = Screens;
			sourceTree = "<group>";
		};
/* End PBXGroup section */

/* Begin PBXNativeTarget section */
		FEAF97AA25C37144008D41AA /* PDFNFCOhMy */ = {
			isa = PBXNativeTarget;
			buildConfigurationList = FEAF97BF25C37146008D41AA /* Build configuration list for PBXNativeTarget "PDFNFCOhMy" */;
			buildPhases = (
				FEAF97A725C37144008D41AA /* Sources */,
				FEAF97A825C37144008D41AA /* Frameworks */,
				FEAF97A925C37144008D41AA /* Resources */,
			);
			buildRules = (
			);
			dependencies = (
			);
			name = PDFNFCOhMy;
			productName = PDFNFCOhMy;
			productReference = FEAF97AB25C37144008D41AA /* PDFNFCOhMy.app */;
			productType = "com.apple.product-type.application";
		};
/* End PBXNativeTarget section */

/* Begin PBXProject section */
		FEAF97A325C37144008D41AA /* Project object */ = {
			isa = PBXProject;
			attributes = {
				LastSwiftUpdateCheck = 1220;
				LastUpgradeCheck = 1220;
				TargetAttributes = {
					FEAF97AA25C37144008D41AA = {
						CreatedOnToolsVersion = 12.2;
					};
				};
			};
			buildConfigurationList = FEAF97A625C37144008D41AA /* Build configuration list for PBXProject "PDFNFCOhMy" */;
			compatibilityVersion = "Xcode 9.3";
			developmentRegion = en;
			hasScannedForEncodings = 0;
			knownRegions = (
				en,
				Base,
			);
			mainGroup = FEAF97A225C37144008D41AA;
			productRefGroup = FEAF97AC25C37144008D41AA /* Products */;
			projectDirPath = "";
			projectRoot = "";
			targets = (
				FEAF97AA25C37144008D41AA /* PDFNFCOhMy */,
			);
		};
/* End PBXProject section */

/* Begin PBXResourcesBuildPhase section */
		FEAF97A925C37144008D41AA /* Resources */ = {
			isa = PBXResourcesBuildPhase;
			buildActionMask = 2147483647;
			files = (
				FEAF97BB25C37146008D41AA /* LaunchScreen.storyboard in Resources */,
				FEAF97B825C37146008D41AA /* Assets.xcassets in Resources */,
				FEAF97B625C37144008D41AA /* Main.storyboard in Resources */,
			);
			runOnlyForDeploymentPostprocessing = 0;
		};
/* End PBXResourcesBuildPhase section */

/* Begin PBXSourcesBuildPhase section */
		FEAF97A725C37144008D41AA /* Sources */ = {
			isa = PBXSourcesBuildPhase;
			buildActionMask = 2147483647;
			files = (
				FEAF97B325C37144008D41AA /* HomeViewController.swift in Sources */,
				FEAF97AF25C37144008D41AA /* AppDelegate.swift in Sources */,
				FEAF97B125C37144008D41AA /* SceneDelegate.swift in Sources */,
			);
			runOnlyForDeploymentPostprocessing = 0;
		};
/* End PBXSourcesBuildPhase section */

/* Begin PBXVariantGroup section */
		FEAF97B425C37144008D41AA /* Main.storyboard */ = {
			isa = PBXVariantGroup;
			children = (
				FEAF97B525C37144008D41AA /* Base */,
			);
			name = Main.storyboard;
			sourceTree = "<group>";
		};
		FEAF97B925C37146008D41AA /* LaunchScreen.storyboard */ = {
			isa = PBXVariantGroup;
			children = (
				FEAF97BA25C37146008D41AA /* Base */,
			);
			name = LaunchScreen.storyboard;
			sourceTree = "<group>";
		};
/* End PBXVariantGroup section */

/* Begin XCBuildConfiguration section */
		FEAF97BD25C37146008D41AA /* Debug */ = {
			isa = XCBuildConfiguration;
			buildSettings = {
				ALWAYS_SEARCH_USER_PATHS = NO;
				CLANG_ANALYZER_NONNULL = YES;
				CLANG_ANALYZER_NUMBER_OBJECT_CONVERSION = YES_AGGRESSIVE;
				CLANG_CXX_LANGUAGE_STANDARD = "gnu++14";
				CLANG_CXX_LIBRARY = "libc++";
				CLANG_ENABLE_MODULES = YES;
				CLANG_ENABLE_OBJC_ARC = YES;
				CLANG_ENABLE_OBJC_WEAK = YES;
				CLANG_WARN_BLOCK_CAPTURE_AUTORELEASING = YES;
				CLANG_WARN_BOOL_CONVERSION = YES;
				CLANG_WARN_COMMA = YES;
				CLANG_WARN_CONSTANT_CONVERSION = YES;
				CLANG_WARN_DEPRECATED_OBJC_IMPLEMENTATIONS = YES;
				CLANG_WARN_DIRECT_OBJC_ISA_USAGE = YES_ERROR;
				CLANG_WARN_DOCUMENTATION_COMMENTS = YES;
				CLANG_WARN_EMPTY_BODY = YES;
				CLANG_WARN_ENUM_CONVERSION = YES;
				CLANG_WARN_INFINITE_RECURSION = YES;
				CLANG_WARN_INT_CONVERSION = YES;
				CLANG_WARN_NON_LITERAL_NULL_CONVERSION = YES;
				CLANG_WARN_OBJC_IMPLICIT_RETAIN_SELF = YES;
				CLANG_WARN_OBJC_LITERAL_CONVERSION = YES;
				CLANG_WARN_OBJC_ROOT_CLASS = YES_ERROR;
				CLANG_WARN_QUOTED_INCLUDE_IN_FRAMEWORK_HEADER = YES;
				CLANG_WARN_RANGE_LOOP_ANALYSIS = YES;
				CLANG_WARN_STRICT_PROTOTYPES = YES;
				CLANG_WARN_SUSPICIOUS_MOVE = YES;
				CLANG_WARN_UNGUARDED_AVAILABILITY = YES_AGGRESSIVE;
				CLANG_WARN_UNREACHABLE_CODE = YES;
				CLANG_WARN__DUPLICATE_METHOD_MATCH = YES;
				COPY_PHASE_STRIP = NO;
				DEBUG_INFORMATION_FORMAT = dwarf;
				ENABLE_STRICT_OBJC_MSGSEND = YES;
				ENABLE_TESTABILITY = YES;
				GCC_C_LANGUAGE_STANDARD = gnu11;
				GCC_DYNAMIC_NO_PIC = NO;
				GCC_NO_COMMON_BLOCKS = YES;
				GCC_OPTIMIZATION_LEVEL = 0;
				GCC_PREPROCESSOR_DEFINITIONS = (
					"DEBUG=1",
					"$(inherited)",
				);
				GCC_WARN_64_TO_32_BIT_CONVERSION = YES;
				GCC_WARN_ABOUT_RETURN_TYPE = YES_ERROR;
				GCC_WARN_UNDECLARED_SELECTOR = YES;
				GCC_WARN_UNINITIALIZED_AUTOS = YES_AGGRESSIVE;
				GCC_WARN_UNUSED_FUNCTION = YES;
				GCC_WARN_UNUSED_VARIABLE = YES;
				IPHONEOS_DEPLOYMENT_TARGET = 14.2;
				MTL_ENABLE_DEBUG_INFO = INCLUDE_SOURCE;
				MTL_FAST_MATH = YES;
				ONLY_ACTIVE_ARCH = YES;
				SDKROOT = iphoneos;
				SWIFT_ACTIVE_COMPILATION_CONDITIONS = DEBUG;
				SWIFT_OPTIMIZATION_LEVEL = "-Onone";
			};
			name = Debug;
		};
		FEAF97BE25C37146008D41AA /* Release */ = {
			isa = XCBuildConfiguration;
			buildSettings = {
				ALWAYS_SEARCH_USER_PATHS = NO;
				CLANG_ANALYZER_NONNULL = YES;
				CLANG_ANALYZER_NUMBER_OBJECT_CONVERSION = YES_AGGRESSIVE;
				CLANG_CXX_LANGUAGE_STANDARD = "gnu++14";
				CLANG_CXX_LIBRARY = "libc++";
				CLANG_ENABLE_MODULES = YES;
				CLANG_ENABLE_OBJC_ARC = YES;
				CLANG_ENABLE_OBJC_WEAK = YES;
				CLANG_WARN_BLOCK_CAPTURE_AUTORELEASING = YES;
				CLANG_WARN_BOOL_CONVERSION = YES;
				CLANG_WARN_COMMA = YES;
				CLANG_WARN_CONSTANT_CONVERSION = YES;
				CLANG_WARN_DEPRECATED_OBJC_IMPLEMENTATIONS = YES;
				CLANG_WARN_DIRECT_OBJC_ISA_USAGE = YES_ERROR;
				CLANG_WARN_DOCUMENTATION_COMMENTS = YES;
				CLANG_WARN_EMPTY_BODY = YES;
				CLANG_WARN_ENUM_CONVERSION = YES;
				CLANG_WARN_INFINITE_RECURSION = YES;
				CLANG_WARN_INT_CONVERSION = YES;
				CLANG_WARN_NON_LITERAL_NULL_CONVERSION = YES;
				CLANG_WARN_OBJC_IMPLICIT_RETAIN_SELF = YES;
				CLANG_WARN_OBJC_LITERAL_CONVERSION = YES;
				CLANG_WARN_OBJC_ROOT_CLASS = YES_ERROR;
				CLANG_WARN_QUOTED_INCLUDE_IN_FRAMEWORK_HEADER = YES;
				CLANG_WARN_RANGE_LOOP_ANALYSIS = YES;
				CLANG_WARN_STRICT_PROTOTYPES = YES;
				CLANG_WARN_SUSPICIOUS_MOVE = YES;
				CLANG_WARN_UNGUARDED_AVAILABILITY = YES_AGGRESSIVE;
				CLANG_WARN_UNREACHABLE_CODE = YES;
				CLANG_WARN__DUPLICATE_METHOD_MATCH = YES;
				COPY_PHASE_STRIP = NO;
				DEBUG_INFORMATION_FORMAT = "dwarf-with-dsym";
				ENABLE_NS_ASSERTIONS = NO;
				ENABLE_STRICT_OBJC_MSGSEND = YES;
				GCC_C_LANGUAGE_STANDARD = gnu11;
				GCC_NO_COMMON_BLOCKS = YES;
				GCC_WARN_64_TO_32_BIT_CONVERSION = YES;
				GCC_WARN_ABOUT_RETURN_TYPE = YES_ERROR;
				GCC_WARN_UNDECLARED_SELECTOR = YES;
				GCC_WARN_UNINITIALIZED_AUTOS = YES_AGGRESSIVE;
				GCC_WARN_UNUSED_FUNCTION = YES;
				GCC_WARN_UNUSED_VARIABLE = YES;
				IPHONEOS_DEPLOYMENT_TARGET = 14.2;
				MTL_ENABLE_DEBUG_INFO = NO;
				MTL_FAST_MATH = YES;
				SDKROOT = iphoneos;
				SWIFT_COMPILATION_MODE = wholemodule;
				SWIFT_OPTIMIZATION_LEVEL = "-O";
				VALIDATE_PRODUCT = YES;
			};
			name = Release;
		};
		FEAF97C025C37146008D41AA /* Debug */ = {
			isa = XCBuildConfiguration;
			buildSettings = {
				ASSETCATALOG_COMPILER_APPICON_NAME = AppIcon;
				ASSETCATALOG_COMPILER_GLOBAL_ACCENT_COLOR_NAME = AccentColor;
				CODE_SIGN_STYLE = Automatic;
				DEVELOPMENT_TEAM = XJWS6K5M25;
				INFOPLIST_FILE = PDFNFCOhMy/Info.plist;
				LD_RUNPATH_SEARCH_PATHS = (
					"$(inherited)",
					"@executable_path/Frameworks",
				);
				PRODUCT_BUNDLE_IDENTIFIER = com.designerJeans.PDFNFCOhMy;
				PRODUCT_NAME = "$(TARGET_NAME)";
				SWIFT_VERSION = 5.0;
				TARGETED_DEVICE_FAMILY = "1,2";
			};
			name = Debug;
		};
		FEAF97C125C37146008D41AA /* Release */ = {
			isa = XCBuildConfiguration;
			buildSettings = {
				ASSETCATALOG_COMPILER_APPICON_NAME = AppIcon;
				ASSETCATALOG_COMPILER_GLOBAL_ACCENT_COLOR_NAME = AccentColor;
				CODE_SIGN_STYLE = Automatic;
				DEVELOPMENT_TEAM = XJWS6K5M25;
				INFOPLIST_FILE = PDFNFCOhMy/Info.plist;
				LD_RUNPATH_SEARCH_PATHS = (
					"$(inherited)",
					"@executable_path/Frameworks",
				);
				PRODUCT_BUNDLE_IDENTIFIER = com.designerJeans.PDFNFCOhMy;
				PRODUCT_NAME = "$(TARGET_NAME)";
				SWIFT_VERSION = 5.0;
				TARGETED_DEVICE_FAMILY = "1,2";
			};
			name = Release;
		};
/* End XCBuildConfiguration section */

/* Begin XCConfigurationList section */
		FEAF97A625C37144008D41AA /* Build configuration list for PBXProject "PDFNFCOhMy" */ = {
			isa = XCConfigurationList;
			buildConfigurations = (
				FEAF97BD25C37146008D41AA /* Debug */,
				FEAF97BE25C37146008D41AA /* Release */,
			);
			defaultConfigurationIsVisible = 0;
			defaultConfigurationName = Release;
		};
		FEAF97BF25C37146008D41AA /* Build configuration list for PBXNativeTarget "PDFNFCOhMy" */ = {
			isa = XCConfigurationList;
			buildConfigurations = (
				FEAF97C025C37146008D41AA /* Debug */,
				FEAF97C125C37146008D41AA /* Release */,
			);
			defaultConfigurationIsVisible = 0;
			defaultConfigurationName = Release;
		};
/* End XCConfigurationList section */
	};
	rootObject = FEAF97A325C37144008D41AA /* Project object */;
}
